
Microsoft Visual Studio Solution File, Format Version 12.00
# Visual Studio Version 17
VisualStudioVersion = 17.5.33516.290
MinimumVisualStudioVersion = 10.0.40219.1
Project("{8BC9CEB8-8B4A-11D0-8D11-00A0C91BC942}") = "Equal Paranthethes", "Equal Paranthethes.vcxproj", "{A0E9D820-A16F-4BB0-A6B5-DFF989F7443B}"
EndProject
Global
	GlobalSection(SolutionConfigurationPlatforms) = preSolution
		Debug|x64 = Debug|x64
		Debug|x86 = Debug|x86
		Release|x64 = Release|x64
		Release|x86 = Release|x86
	EndGlobalSection
	GlobalSection(ProjectConfigurationPlatforms) = postSolution
		{A0E9D820-A16F-4BB0-A6B5-DFF989F7443B}.Debug|x64.ActiveCfg = Debug|x64
		{A0E9D820-A16F-4BB0-A6B5-DFF989F7443B}.Debug|x64.Build.0 = Debug|x64
		{A0E9D820-A16F-4BB0-A6B5-DFF989F7443B}.Debug|x86.ActiveCfg = Debug|Win32
		{A0E9D820-A16F-4BB0-A6B5-DFF989F7443B}.Debug|x86.Build.0 = Debug|Win32
		{A0E9D820-A16F-4BB0-A6B5-DFF989F7443B}.Release|x64.ActiveCfg = Release|x64
		{A0E9D820-A16F-4BB0-A6B5-DFF989F7443B}.Release|x64.Build.0 = Release|x64
		{A0E9D820-A16F-4BB0-A6B5-DFF989F7443B}.Release|x86.ActiveCfg = Release|Win32
		{A0E9D820-A16F-4BB0-A6B5-DFF989F7443B}.Release|x86.Build.0 = Release|Win32
	EndGlobalSection
	GlobalSection(SolutionProperties) = preSolution
		HideSolutionNode = FALSE
	EndGlobalSection
	GlobalSection(ExtensibilityGlobals) = postSolution
		SolutionGuid = {8AA38FA7-D697-4128-AB8B-BCE8BA74DC39}
	EndGlobalSection
EndGlobal
